
Microsoft Visual Studio Solution File, Format Version 12.00
# Visual Studio 14
VisualStudioVersion = 14.0.25123.0
MinimumVisualStudioVersion = 10.0.40219.1
Project("{FAE04EC0-301F-11D3-BF4B-00C04F79EFBC}") = "SQLiteDemo", "SQLiteDemo\SQLiteDemo.csproj", "{EF40CC56-24AE-4F32-A636-33D0E3CDDD60}"
EndProject
Project("{FAE04EC0-301F-11D3-BF4B-00C04F79EFBC}") = "SharedLib", "SharedLib\SharedLib.csproj", "{729A6284-59F9-426C-B7F2-C5B3C8CC76EC}"
EndProject
Project("{FAE04EC0-301F-11D3-BF4B-00C04F79EFBC}") = "SQLiteDemo.DbUpConsole", "SQLiteDemo.DbUpConsole\SQLiteDemo.DbUpConsole.csproj", "{540E5363-3B2A-4ECE-8B5F-83F82BCDC28D}"
EndProject
Project("{FAE04EC0-301F-11D3-BF4B-00C04F79EFBC}") = "SQLiteDemo.UsingPetaPoco", "SQLiteDemo.UsingPetaPoco\SQLiteDemo.UsingPetaPoco.csproj", "{FC148BF6-EB51-4C3F-A830-ABCEC2913FF5}"
EndProject
Project("{FAE04EC0-301F-11D3-BF4B-00C04F79EFBC}") = "DbUpLib", "DbUpLib\DbUpLib.csproj", "{E66B05E0-1BD3-4C00-A45D-9C6258B3B564}"
EndProject
Project("{FAE04EC0-301F-11D3-BF4B-00C04F79EFBC}") = "SQLiteDemo.UsingMassive", "SQLiteDemo.UsingMassive\SQLiteDemo.UsingMassive.csproj", "{F6D59942-2B99-4D9B-957E-51F554FC555B}"
EndProject
Project("{FAE04EC0-301F-11D3-BF4B-00C04F79EFBC}") = "SQLiteDemo.UsingSimpleData", "SQLiteDemo.UsingSimpleData\SQLiteDemo.UsingSimpleData.csproj", "{59FF9FE9-5C7F-4AF1-BB5B-C055D7B18948}"
EndProject
Project("{FAE04EC0-301F-11D3-BF4B-00C04F79EFBC}") = "SimpleDataSample", "SimpleDataSample\SimpleDataSample.csproj", "{15ACADE8-9E55-45B6-9645-4BB488EC7921}"
EndProject
Global
	GlobalSection(SolutionConfigurationPlatforms) = preSolution
		Debug|Any CPU = Debug|Any CPU
		Debug|x86 = Debug|x86
		Release|Any CPU = Release|Any CPU
		Release|x86 = Release|x86
	EndGlobalSection
	GlobalSection(ProjectConfigurationPlatforms) = postSolution
		{EF40CC56-24AE-4F32-A636-33D0E3CDDD60}.Debug|Any CPU.ActiveCfg = Debug|x86
		{EF40CC56-24AE-4F32-A636-33D0E3CDDD60}.Debug|x86.ActiveCfg = Debug|x86
		{EF40CC56-24AE-4F32-A636-33D0E3CDDD60}.Debug|x86.Build.0 = Debug|x86
		{EF40CC56-24AE-4F32-A636-33D0E3CDDD60}.Release|Any CPU.ActiveCfg = Release|x86
		{EF40CC56-24AE-4F32-A636-33D0E3CDDD60}.Release|x86.ActiveCfg = Release|x86
		{EF40CC56-24AE-4F32-A636-33D0E3CDDD60}.Release|x86.Build.0 = Release|x86
		{729A6284-59F9-426C-B7F2-C5B3C8CC76EC}.Debug|Any CPU.ActiveCfg = Debug|Any CPU
		{729A6284-59F9-426C-B7F2-C5B3C8CC76EC}.Debug|Any CPU.Build.0 = Debug|Any CPU
		{729A6284-59F9-426C-B7F2-C5B3C8CC76EC}.Debug|x86.ActiveCfg = Debug|Any CPU
		{729A6284-59F9-426C-B7F2-C5B3C8CC76EC}.Debug|x86.Build.0 = Debug|Any CPU
		{729A6284-59F9-426C-B7F2-C5B3C8CC76EC}.Release|Any CPU.ActiveCfg = Release|Any CPU
		{729A6284-59F9-426C-B7F2-C5B3C8CC76EC}.Release|Any CPU.Build.0 = Release|Any CPU
		{729A6284-59F9-426C-B7F2-C5B3C8CC76EC}.Release|x86.ActiveCfg = Release|Any CPU
		{729A6284-59F9-426C-B7F2-C5B3C8CC76EC}.Release|x86.Build.0 = Release|Any CPU
		{540E5363-3B2A-4ECE-8B5F-83F82BCDC28D}.Debug|Any CPU.ActiveCfg = Debug|Any CPU
		{540E5363-3B2A-4ECE-8B5F-83F82BCDC28D}.Debug|Any CPU.Build.0 = Debug|Any CPU
		{540E5363-3B2A-4ECE-8B5F-83F82BCDC28D}.Debug|x86.ActiveCfg = Debug|Any CPU
		{540E5363-3B2A-4ECE-8B5F-83F82BCDC28D}.Debug|x86.Build.0 = Debug|Any CPU
		{540E5363-3B2A-4ECE-8B5F-83F82BCDC28D}.Release|Any CPU.ActiveCfg = Release|Any CPU
		{540E5363-3B2A-4ECE-8B5F-83F82BCDC28D}.Release|Any CPU.Build.0 = Release|Any CPU
		{540E5363-3B2A-4ECE-8B5F-83F82BCDC28D}.Release|x86.ActiveCfg = Release|Any CPU
		{540E5363-3B2A-4ECE-8B5F-83F82BCDC28D}.Release|x86.Build.0 = Release|Any CPU
		{FC148BF6-EB51-4C3F-A830-ABCEC2913FF5}.Debug|Any CPU.ActiveCfg = Debug|Any CPU
		{FC148BF6-EB51-4C3F-A830-ABCEC2913FF5}.Debug|Any CPU.Build.0 = Debug|Any CPU
		{FC148BF6-EB51-4C3F-A830-ABCEC2913FF5}.Debug|x86.ActiveCfg = Debug|Any CPU
		{FC148BF6-EB51-4C3F-A830-ABCEC2913FF5}.Debug|x86.Build.0 = Debug|Any CPU
		{FC148BF6-EB51-4C3F-A830-ABCEC2913FF5}.Release|Any CPU.ActiveCfg = Release|Any CPU
		{FC148BF6-EB51-4C3F-A830-ABCEC2913FF5}.Release|Any CPU.Build.0 = Release|Any CPU
		{FC148BF6-EB51-4C3F-A830-ABCEC2913FF5}.Release|x86.ActiveCfg = Release|Any CPU
		{FC148BF6-EB51-4C3F-A830-ABCEC2913FF5}.Release|x86.Build.0 = Release|Any CPU
		{E66B05E0-1BD3-4C00-A45D-9C6258B3B564}.Debug|Any CPU.ActiveCfg = Debug|Any CPU
		{E66B05E0-1BD3-4C00-A45D-9C6258B3B564}.Debug|Any CPU.Build.0 = Debug|Any CPU
		{E66B05E0-1BD3-4C00-A45D-9C6258B3B564}.Debug|x86.ActiveCfg = Debug|Any CPU
		{E66B05E0-1BD3-4C00-A45D-9C6258B3B564}.Debug|x86.Build.0 = Debug|Any CPU
		{E66B05E0-1BD3-4C00-A45D-9C6258B3B564}.Release|Any CPU.ActiveCfg = Release|Any CPU
		{E66B05E0-1BD3-4C00-A45D-9C6258B3B564}.Release|Any CPU.Build.0 = Release|Any CPU
		{E66B05E0-1BD3-4C00-A45D-9C6258B3B564}.Release|x86.ActiveCfg = Release|Any CPU
		{E66B05E0-1BD3-4C00-A45D-9C6258B3B564}.Release|x86.Build.0 = Release|Any CPU
		{F6D59942-2B99-4D9B-957E-51F554FC555B}.Debug|Any CPU.ActiveCfg = Debug|Any CPU
		{F6D59942-2B99-4D9B-957E-51F554FC555B}.Debug|Any CPU.Build.0 = Debug|Any CPU
		{F6D59942-2B99-4D9B-957E-51F554FC555B}.Debug|x86.ActiveCfg = Debug|Any CPU
		{F6D59942-2B99-4D9B-957E-51F554FC555B}.Debug|x86.Build.0 = Debug|Any CPU
		{F6D59942-2B99-4D9B-957E-51F554FC555B}.Release|Any CPU.ActiveCfg = Release|Any CPU
		{F6D59942-2B99-4D9B-957E-51F554FC555B}.Release|Any CPU.Build.0 = Release|Any CPU
		{F6D59942-2B99-4D9B-957E-51F554FC555B}.Release|x86.ActiveCfg = Release|Any CPU
		{F6D59942-2B99-4D9B-957E-51F554FC555B}.Release|x86.Build.0 = Release|Any CPU
		{59FF9FE9-5C7F-4AF1-BB5B-C055D7B18948}.Debug|Any CPU.ActiveCfg = Debug|Any CPU
		{59FF9FE9-5C7F-4AF1-BB5B-C055D7B18948}.Debug|Any CPU.Build.0 = Debug|Any CPU
		{59FF9FE9-5C7F-4AF1-BB5B-C055D7B18948}.Debug|x86.ActiveCfg = Debug|Any CPU
		{59FF9FE9-5C7F-4AF1-BB5B-C055D7B18948}.Debug|x86.Build.0 = Debug|Any CPU
		{59FF9FE9-5C7F-4AF1-BB5B-C055D7B18948}.Release|Any CPU.ActiveCfg = Release|Any CPU
		{59FF9FE9-5C7F-4AF1-BB5B-C055D7B18948}.Release|Any CPU.Build.0 = Release|Any CPU
		{59FF9FE9-5C7F-4AF1-BB5B-C055D7B18948}.Release|x86.ActiveCfg = Release|Any CPU
		{59FF9FE9-5C7F-4AF1-BB5B-C055D7B18948}.Release|x86.Build.0 = Release|Any CPU
		{15ACADE8-9E55-45B6-9645-4BB488EC7921}.Debug|Any CPU.ActiveCfg = Debug|Any CPU
		{15ACADE8-9E55-45B6-9645-4BB488EC7921}.Debug|Any CPU.Build.0 = Debug|Any CPU
		{15ACADE8-9E55-45B6-9645-4BB488EC7921}.Debug|x86.ActiveCfg = Debug|Any CPU
		{15ACADE8-9E55-45B6-9645-4BB488EC7921}.Debug|x86.Build.0 = Debug|Any CPU
		{15ACADE8-9E55-45B6-9645-4BB488EC7921}.Release|Any CPU.ActiveCfg = Release|Any CPU
		{15ACADE8-9E55-45B6-9645-4BB488EC7921}.Release|Any CPU.Build.0 = Release|Any CPU
		{15ACADE8-9E55-45B6-9645-4BB488EC7921}.Release|x86.ActiveCfg = Release|Any CPU
		{15ACADE8-9E55-45B6-9645-4BB488EC7921}.Release|x86.Build.0 = Release|Any CPU
	EndGlobalSection
	GlobalSection(SolutionProperties) = preSolution
		HideSolutionNode = FALSE
	EndGlobalSection
EndGlobal
